
Microsoft Visual Studio Solution File, Format Version 12.00
# Visual Studio Version 17
VisualStudioVersion = 17.8.34309.116
MinimumVisualStudioVersion = 10.0.40219.1
Project("{FAE04EC0-301F-11D3-BF4B-00C04F79EFBC}") = "Veterinaria", "Veterinaria\Veterinaria.csproj", "{66A32477-4203-402A-B182-8F9F87233395}"
EndProject
Global
	GlobalSection(SolutionConfigurationPlatforms) = preSolution
		Debug|Any CPU = Debug|Any CPU
		Release|Any CPU = Release|Any CPU
	EndGlobalSection
	GlobalSection(ProjectConfigurationPlatforms) = postSolution
		{66A32477-4203-402A-B182-8F9F87233395}.Debug|Any CPU.ActiveCfg = Debug|Any CPU
		{66A32477-4203-402A-B182-8F9F87233395}.Debug|Any CPU.Build.0 = Debug|Any CPU
		{66A32477-4203-402A-B182-8F9F87233395}.Release|Any CPU.ActiveCfg = Release|Any CPU
		{66A32477-4203-402A-B182-8F9F87233395}.Release|Any CPU.Build.0 = Release|Any CPU
	EndGlobalSection
	GlobalSection(SolutionProperties) = preSolution
		HideSolutionNode = FALSE
	EndGlobalSection
	GlobalSection(ExtensibilityGlobals) = postSolution
		SolutionGuid = {DEFF0451-206A-4567-8C48-F3DDFC8C891C}
	EndGlobalSection
EndGlobal
